
Microsoft Visual Studio Solution File, Format Version 12.00
# Visual Studio Version 17
VisualStudioVersion = 17.8.34309.116
MinimumVisualStudioVersion = 10.0.40219.1
Project("{9A19103F-16F7-4668-BE54-9A1E7A4F7556}") = "ALoxe", "ALoxe\ALoxe.csproj", "{AC9BEDF1-F3A1-4238-AB97-CC3A5ABC3D48}"
EndProject
Global
	GlobalSection(SolutionConfigurationPlatforms) = preSolution
		Debug|Any CPU = Debug|Any CPU
		Release|Any CPU = Release|Any CPU
	EndGlobalSection
	GlobalSection(ProjectConfigurationPlatforms) = postSolution
		{AC9BEDF1-F3A1-4238-AB97-CC3A5ABC3D48}.Debug|Any CPU.ActiveCfg = Debug|Any CPU
		{AC9BEDF1-F3A1-4238-AB97-CC3A5ABC3D48}.Debug|Any CPU.Build.0 = Debug|Any CPU
		{AC9BEDF1-F3A1-4238-AB97-CC3A5ABC3D48}.Release|Any CPU.ActiveCfg = Release|Any CPU
		{AC9BEDF1-F3A1-4238-AB97-CC3A5ABC3D48}.Release|Any CPU.Build.0 = Release|Any CPU
	EndGlobalSection
	GlobalSection(SolutionProperties) = preSolution
		HideSolutionNode = FALSE
	EndGlobalSection
	GlobalSection(ExtensibilityGlobals) = postSolution
		SolutionGuid = {CD90A965-58C4-4F38-9784-5AC9242E3BC1}
	EndGlobalSection
EndGlobal
